# AUTO-GENERATED by infrastructure/scheduling/launchd_generator.py — DO NOT EDIT
version: '1.0'
description: Scheduler artifact lock — generated by infrastructure/scheduling/*_generator.py.
  Hand-edit 금지.
schema: investment-schedules-lock-v1
last_updated: '2026-05-14T11:35:34+09:00'
source:
  schedules_yaml_sha256: 6ea9300d59fb43e7ce9a10f46d196587796c34111a08ba95126b50ba7e4a09d5
artifacts:
  /Users/jhan_acc/Library/LaunchAgents/com.investment_v2.daily_pipeline.plist:
    sha256: e52e1d87dda1187b5b077cfcfc626c1da57cab285449ab52df9cdedb8638a8e9
    source_sha: 6ea9300d59fb43e7ce9a10f46d196587796c34111a08ba95126b50ba7e4a09d5
    generator: infrastructure/scheduling/launchd_generator.py
    emit_time: '2026-05-14T11:35:34+09:00'
    schedule_key: daily_pipeline
